
Microsoft Visual Studio Solution File, Format Version 12.00
# Visual Studio Version 17
VisualStudioVersion = 17.3.32804.467
MinimumVisualStudioVersion = 10.0.40219.1
Project("{FAE04EC0-301F-11D3-BF4B-00C04F79EFBC}") = "InterfaceCliente", "InterfaceCliente\InterfaceCliente.csproj", "{500548A0-25D9-4F2D-8F10-A9EE981C0A86}"
EndProject
Project("{9A19103F-16F7-4668-BE54-9A1E7A4F7556}") = "CapData", "CapData\CapData.csproj", "{A220B5D0-FED3-4AA5-BB33-1D5770E226A6}"
EndProject
Project("{FAE04EC0-301F-11D3-BF4B-00C04F79EFBC}") = "CapaDatos", "CapaDatos\CapaDatos.csproj", "{5C5BD8F0-958F-4B02-B1E7-1FC650C93FB9}"
EndProject
Project("{FAE04EC0-301F-11D3-BF4B-00C04F79EFBC}") = "InterfaceToClient", "InterfaceToClient\InterfaceToClient.csproj", "{6F1867A8-0871-4152-BDF1-8567BD078D11}"
EndProject
Global
	GlobalSection(SolutionConfigurationPlatforms) = preSolution
		Debug|Any CPU = Debug|Any CPU
		Release|Any CPU = Release|Any CPU
	EndGlobalSection
	GlobalSection(ProjectConfigurationPlatforms) = postSolution
		{500548A0-25D9-4F2D-8F10-A9EE981C0A86}.Debug|Any CPU.ActiveCfg = Debug|Any CPU
		{500548A0-25D9-4F2D-8F10-A9EE981C0A86}.Debug|Any CPU.Build.0 = Debug|Any CPU
		{500548A0-25D9-4F2D-8F10-A9EE981C0A86}.Release|Any CPU.ActiveCfg = Release|Any CPU
		{500548A0-25D9-4F2D-8F10-A9EE981C0A86}.Release|Any CPU.Build.0 = Release|Any CPU
		{A220B5D0-FED3-4AA5-BB33-1D5770E226A6}.Debug|Any CPU.ActiveCfg = Debug|Any CPU
		{A220B5D0-FED3-4AA5-BB33-1D5770E226A6}.Debug|Any CPU.Build.0 = Debug|Any CPU
		{A220B5D0-FED3-4AA5-BB33-1D5770E226A6}.Release|Any CPU.ActiveCfg = Release|Any CPU
		{A220B5D0-FED3-4AA5-BB33-1D5770E226A6}.Release|Any CPU.Build.0 = Release|Any CPU
		{5C5BD8F0-958F-4B02-B1E7-1FC650C93FB9}.Debug|Any CPU.ActiveCfg = Debug|Any CPU
		{5C5BD8F0-958F-4B02-B1E7-1FC650C93FB9}.Debug|Any CPU.Build.0 = Debug|Any CPU
		{5C5BD8F0-958F-4B02-B1E7-1FC650C93FB9}.Release|Any CPU.ActiveCfg = Release|Any CPU
		{5C5BD8F0-958F-4B02-B1E7-1FC650C93FB9}.Release|Any CPU.Build.0 = Release|Any CPU
		{6F1867A8-0871-4152-BDF1-8567BD078D11}.Debug|Any CPU.ActiveCfg = Debug|Any CPU
		{6F1867A8-0871-4152-BDF1-8567BD078D11}.Debug|Any CPU.Build.0 = Debug|Any CPU
		{6F1867A8-0871-4152-BDF1-8567BD078D11}.Release|Any CPU.ActiveCfg = Release|Any CPU
		{6F1867A8-0871-4152-BDF1-8567BD078D11}.Release|Any CPU.Build.0 = Release|Any CPU
	EndGlobalSection
	GlobalSection(SolutionProperties) = preSolution
		HideSolutionNode = FALSE
	EndGlobalSection
	GlobalSection(ExtensibilityGlobals) = postSolution
		SolutionGuid = {A956F0E8-A188-4874-971A-79BE3C064254}
	EndGlobalSection
EndGlobal
